{
  "nodes": {
    "data": {
      "flake": false,
      "locked": {
        "lastModified": 1737606622,
        "narHash": "sha256-KHSLkIpGg/YZSm0nfJTjgHgiTWs2y3TQ2KhHkacc2yk=",
        "owner": "andre4ik3",
        "repo": "brew2nix",
        "rev": "c41e240df00df8ceba41be33c5bca07b988d0ea5",
        "type": "github"
      },
      "original": {
        "owner": "andre4ik3",
        "ref": "data",
        "repo": "brew2nix",
        "type": "github"
      }
    },
    "flake-compat": {
      "locked": {
        "lastModified": 1717312683,
        "narHash": "sha256-FrlieJH50AuvagamEvWMIE6D2OAnERuDboFDYAED/dE=",
        "owner": "nix-community",
        "repo": "flake-compat",
        "rev": "38fd3954cf65ce6faf3d0d45cd26059e059f07ea",
        "type": "github"
      },
      "original": {
        "owner": "nix-community",
        "repo": "flake-compat",
        "type": "github"
      }
    },
    "nixpkgs": {
      "locked": {
        "lastModified": 1737557748,
        "narHash": "sha256-BaMuhctP1x00+8cBE2cJveJQb70/tWHI50MHj/ZrtOY=",
        "owner": "NixOS",
        "repo": "nixpkgs",
        "rev": "606996d74f6e2a12635d41c1bf58bfc7ea3bb5ec",
        "type": "github"
      },
      "original": {
        "owner": "NixOS",
        "ref": "nixpkgs-unstable",
        "repo": "nixpkgs",
        "type": "github"
      }
    },
    "root": {
      "inputs": {
        "data": "data",
        "flake-compat": "flake-compat",
        "nixpkgs": "nixpkgs"
      }
    }
  },
  "root": "root",
  "version": 7
}
